// !$*UTF8*$!
{
	archiveVersion = 1;
	classes = {
	};
	objectVersion = 50;
	objects = {

/* Begin PBXBuildFile section */
		AC48CAE1241BE2600030462B /* AppDelegate.swift in Sources */ = {isa = PBXBuildFile; fileRef = AC48CAE0241BE2600030462B /* AppDelegate.swift */; };
		AC48CAE3241BE2600030462B /* SceneDelegate.swift in Sources */ = {isa = PBXBuildFile; fileRef = AC48CAE2241BE2600030462B /* SceneDelegate.swift */; };
		AC48CAE8241BE2600030462B /* Main.storyboard in Resources */ = {isa = PBXBuildFile; fileRef = AC48CAE6241BE2600030462B /* Main.storyboard */; };
		AC48CAEA241BE2620030462B /* Assets.xcassets in Resources */ = {isa = PBXBuildFile; fileRef = AC48CAE9241BE2620030462B /* Assets.xcassets */; };
		AC48CAED241BE2620030462B /* LaunchScreen.storyboard in Resources */ = {isa = PBXBuildFile; fileRef = AC48CAEB241BE2620030462B /* LaunchScreen.storyboard */; };
		AC48CAFC241BE3FA0030462B /* Movie.swift in Sources */ = {isa = PBXBuildFile; fileRef = AC48CAFB241BE3FA0030462B /* Movie.swift */; };
		AC48CAFE241BE7190030462B /* MovieController.swift in Sources */ = {isa = PBXBuildFile; fileRef = AC48CAFD241BE7190030462B /* MovieController.swift */; };
		AC48CB01241BE7E50030462B /* MovieError.swift in Sources */ = {isa = PBXBuildFile; fileRef = AC48CB00241BE7E50030462B /* MovieError.swift */; };
/* End PBXBuildFile section */

/* Begin PBXFileReference section */
		AC48CADD241BE2600030462B /* Flicks Search.app */ = {isa = PBXFileReference; explicitFileType = wrapper.application; includeInIndex = 0; path = "Flicks Search.app"; sourceTree = BUILT_PRODUCTS_DIR; };
		AC48CAE0241BE2600030462B /* AppDelegate.swift */ = {isa = PBXFileReference; lastKnownFileType = sourcecode.swift; path = AppDelegate.swift; sourceTree = "<group>"; };
		AC48CAE2241BE2600030462B /* SceneDelegate.swift */ = {isa = PBXFileReference; lastKnownFileType = sourcecode.swift; path = SceneDelegate.swift; sourceTree = "<group>"; };
		AC48CAE7241BE2600030462B /* Base */ = {isa = PBXFileReference; lastKnownFileType = file.storyboard; name = Base; path = Base.lproj/Main.storyboard; sourceTree = "<group>"; };
		AC48CAE9241BE2620030462B /* Assets.xcassets */ = {isa = PBXFileReference; lastKnownFileType = folder.assetcatalog; path = Assets.xcassets; sourceTree = "<group>"; };
		AC48CAEC241BE2620030462B /* Base */ = {isa = PBXFileReference; lastKnownFileType = file.storyboard; name = Base; path = Base.lproj/LaunchScreen.storyboard; sourceTree = "<group>"; };
		AC48CAEE241BE2620030462B /* Info.plist */ = {isa = PBXFileReference; lastKnownFileType = text.plist.xml; path = Info.plist; sourceTree = "<group>"; };
		AC48CAFB241BE3FA0030462B /* Movie.swift */ = {isa = PBXFileReference; lastKnownFileType = sourcecode.swift; path = Movie.swift; sourceTree = "<group>"; };
		AC48CAFD241BE7190030462B /* MovieController.swift */ = {isa = PBXFileReference; lastKnownFileType = sourcecode.swift; path = MovieController.swift; sourceTree = "<group>"; };
		AC48CB00241BE7E50030462B /* MovieError.swift */ = {isa = PBXFileReference; lastKnownFileType = sourcecode.swift; path = MovieError.swift; sourceTree = "<group>"; };
/* End PBXFileReference section */

/* Begin PBXFrameworksBuildPhase section */
		AC48CADA241BE2600030462B /* Frameworks */ = {
			isa = PBXFrameworksBuildPhase;
			buildActionMask = 2147483647;
			files = (
			);
			runOnlyForDeploymentPostprocessing = 0;
		};
/* End PBXFrameworksBuildPhase section */

/* Begin PBXGroup section */
		AC48CAD4241BE2600030462B = {
			isa = PBXGroup;
			children = (
				AC48CADF241BE2600030462B /* Flicks Search */,
				AC48CADE241BE2600030462B /* Products */,
			);
			sourceTree = "<group>";
		};
		AC48CADE241BE2600030462B /* Products */ = {
			isa = PBXGroup;
			children = (
				AC48CADD241BE2600030462B /* Flicks Search.app */,
			);
			name = Products;
			sourceTree = "<group>";
		};
		AC48CADF241BE2600030462B /* Flicks Search */ = {
			isa = PBXGroup;
			children = (
				AC48CAF7241BE3C30030462B /* View */,
				AC48CAF8241BE3CB0030462B /* Controllers */,
				AC48CAF6241BE3BD0030462B /* Model */,
				AC48CAF5241BE3B50030462B /* Storyboard */,
				AC48CAFF241BE7D70030462B /* Helpers */,
				AC48CAF4241BE2750030462B /* Resources */,
			);
			path = "Flicks Search";
			sourceTree = "<group>";
		};
		AC48CAF4241BE2750030462B /* Resources */ = {
			isa = PBXGroup;
			children = (
				AC48CAE0241BE2600030462B /* AppDelegate.swift */,
				AC48CAE2241BE2600030462B /* SceneDelegate.swift */,
				AC48CAE9241BE2620030462B /* Assets.xcassets */,
				AC48CAEB241BE2620030462B /* LaunchScreen.storyboard */,
				AC48CAEE241BE2620030462B /* Info.plist */,
			);
			path = Resources;
			sourceTree = "<group>";
		};
		AC48CAF5241BE3B50030462B /* Storyboard */ = {
			isa = PBXGroup;
			children = (
				AC48CAE6241BE2600030462B /* Main.storyboard */,
			);
			path = Storyboard;
			sourceTree = "<group>";
		};
		AC48CAF6241BE3BD0030462B /* Model */ = {
			isa = PBXGroup;
			children = (
				AC48CAFB241BE3FA0030462B /* Movie.swift */,
			);
			path = Model;
			sourceTree = "<group>";
		};
		AC48CAF7241BE3C30030462B /* View */ = {
			isa = PBXGroup;
			children = (
			);
			path = View;
			sourceTree = "<group>";
		};
		AC48CAF8241BE3CB0030462B /* Controllers */ = {
			isa = PBXGroup;
			children = (
				AC48CAFA241BE3E60030462B /* View Controllers */,
				AC48CAF9241BE3DD0030462B /* Model Controller */,
			);
			path = Controllers;
			sourceTree = "<group>";
		};
		AC48CAF9241BE3DD0030462B /* Model Controller */ = {
			isa = PBXGroup;
			children = (
				AC48CAFD241BE7190030462B /* MovieController.swift */,
			);
			path = "Model Controller";
			sourceTree = "<group>";
		};
		AC48CAFA241BE3E60030462B /* View Controllers */ = {
			isa = PBXGroup;
			children = (
			);
			path = "View Controllers";
			sourceTree = "<group>";
		};
		AC48CAFF241BE7D70030462B /* Helpers */ = {
			isa = PBXGroup;
			children = (
				AC48CB00241BE7E50030462B /* MovieError.swift */,
			);
			path = Helpers;
			sourceTree = "<group>";
		};
/* End PBXGroup section */

/* Begin PBXNativeTarget section */
		AC48CADC241BE2600030462B /* Flicks Search */ = {
			isa = PBXNativeTarget;
			buildConfigurationList = AC48CAF1241BE2620030462B /* Build configuration list for PBXNativeTarget "Flicks Search" */;
			buildPhases = (
				AC48CAD9241BE2600030462B /* Sources */,
				AC48CADA241BE2600030462B /* Frameworks */,
				AC48CADB241BE2600030462B /* Resources */,
			);
			buildRules = (
			);
			dependencies = (
			);
			name = "Flicks Search";
			productName = "Flicks Search";
			productReference = AC48CADD241BE2600030462B /* Flicks Search.app */;
			productType = "com.apple.product-type.application";
		};
/* End PBXNativeTarget section */

/* Begin PBXProject section */
		AC48CAD5241BE2600030462B /* Project object */ = {
			isa = PBXProject;
			attributes = {
				LastSwiftUpdateCheck = 1130;
				LastUpgradeCheck = 1130;
				ORGANIZATIONNAME = "Theo Vora";
				TargetAttributes = {
					AC48CADC241BE2600030462B = {
						CreatedOnToolsVersion = 11.3.1;
					};
				};
			};
			buildConfigurationList = AC48CAD8241BE2600030462B /* Build configuration list for PBXProject "Flicks Search" */;
			compatibilityVersion = "Xcode 9.3";
			developmentRegion = en;
			hasScannedForEncodings = 0;
			knownRegions = (
				en,
				Base,
			);
			mainGroup = AC48CAD4241BE2600030462B;
			productRefGroup = AC48CADE241BE2600030462B /* Products */;
			projectDirPath = "";
			projectRoot = "";
			targets = (
				AC48CADC241BE2600030462B /* Flicks Search */,
			);
		};
/* End PBXProject section */

/* Begin PBXResourcesBuildPhase section */
		AC48CADB241BE2600030462B /* Resources */ = {
			isa = PBXResourcesBuildPhase;
			buildActionMask = 2147483647;
			files = (
				AC48CAED241BE2620030462B /* LaunchScreen.storyboard in Resources */,
				AC48CAEA241BE2620030462B /* Assets.xcassets in Resources */,
				AC48CAE8241BE2600030462B /* Main.storyboard in Resources */,
			);
			runOnlyForDeploymentPostprocessing = 0;
		};
/* End PBXResourcesBuildPhase section */

/* Begin PBXSourcesBuildPhase section */
		AC48CAD9241BE2600030462B /* Sources */ = {
			isa = PBXSourcesBuildPhase;
			buildActionMask = 2147483647;
			files = (
				AC48CAFE241BE7190030462B /* MovieController.swift in Sources */,
				AC48CAE1241BE2600030462B /* AppDelegate.swift in Sources */,
				AC48CAE3241BE2600030462B /* SceneDelegate.swift in Sources */,
				AC48CAFC241BE3FA0030462B /* Movie.swift in Sources */,
				AC48CB01241BE7E50030462B /* MovieError.swift in Sources */,
			);
			runOnlyForDeploymentPostprocessing = 0;
		};
/* End PBXSourcesBuildPhase section */

/* Begin PBXVariantGroup section */
		AC48CAE6241BE2600030462B /* Main.storyboard */ = {
			isa = PBXVariantGroup;
			children = (
				AC48CAE7241BE2600030462B /* Base */,
			);
			name = Main.storyboard;
			sourceTree = "<group>";
		};
		AC48CAEB241BE2620030462B /* LaunchScreen.storyboard */ = {
			isa = PBXVariantGroup;
			children = (
				AC48CAEC241BE2620030462B /* Base */,
			);
			name = LaunchScreen.storyboard;
			sourceTree = "<group>";
		};
/* End PBXVariantGroup section */

/* Begin XCBuildConfiguration section */
		AC48CAEF241BE2620030462B /* Debug */ = {
			isa = XCBuildConfiguration;
			buildSettings = {
				ALWAYS_SEARCH_USER_PATHS = NO;
				CLANG_ANALYZER_NONNULL = YES;
				CLANG_ANALYZER_NUMBER_OBJECT_CONVERSION = YES_AGGRESSIVE;
				CLANG_CXX_LANGUAGE_STANDARD = "gnu++14";
				CLANG_CXX_LIBRARY = "libc++";
				CLANG_ENABLE_MODULES = YES;
				CLANG_ENABLE_OBJC_ARC = YES;
				CLANG_ENABLE_OBJC_WEAK = YES;
				CLANG_WARN_BLOCK_CAPTURE_AUTORELEASING = YES;
				CLANG_WARN_BOOL_CONVERSION = YES;
				CLANG_WARN_COMMA = YES;
				CLANG_WARN_CONSTANT_CONVERSION = YES;
				CLANG_WARN_DEPRECATED_OBJC_IMPLEMENTATIONS = YES;
				CLANG_WARN_DIRECT_OBJC_ISA_USAGE = YES_ERROR;
				CLANG_WARN_DOCUMENTATION_COMMENTS = YES;
				CLANG_WARN_EMPTY_BODY = YES;
				CLANG_WARN_ENUM_CONVERSION = YES;
				CLANG_WARN_INFINITE_RECURSION = YES;
				CLANG_WARN_INT_CONVERSION = YES;
				CLANG_WARN_NON_LITERAL_NULL_CONVERSION = YES;
				CLANG_WARN_OBJC_IMPLICIT_RETAIN_SELF = YES;
				CLANG_WARN_OBJC_LITERAL_CONVERSION = YES;
				CLANG_WARN_OBJC_ROOT_CLASS = YES_ERROR;
				CLANG_WARN_RANGE_LOOP_ANALYSIS = YES;
				CLANG_WARN_STRICT_PROTOTYPES = YES;
				CLANG_WARN_SUSPICIOUS_MOVE = YES;
				CLANG_WARN_UNGUARDED_AVAILABILITY = YES_AGGRESSIVE;
				CLANG_WARN_UNREACHABLE_CODE = YES;
				CLANG_WARN__DUPLICATE_METHOD_MATCH = YES;
				COPY_PHASE_STRIP = NO;
				DEBUG_INFORMATION_FORMAT = dwarf;
				ENABLE_STRICT_OBJC_MSGSEND = YES;
				ENABLE_TESTABILITY = YES;
				GCC_C_LANGUAGE_STANDARD = gnu11;
				GCC_DYNAMIC_NO_PIC = NO;
				GCC_NO_COMMON_BLOCKS = YES;
				GCC_OPTIMIZATION_LEVEL = 0;
				GCC_PREPROCESSOR_DEFINITIONS = (
					"DEBUG=1",
					"$(inherited)",
				);
				GCC_WARN_64_TO_32_BIT_CONVERSION = YES;
				GCC_WARN_ABOUT_RETURN_TYPE = YES_ERROR;
				GCC_WARN_UNDECLARED_SELECTOR = YES;
				GCC_WARN_UNINITIALIZED_AUTOS = YES_AGGRESSIVE;
				GCC_WARN_UNUSED_FUNCTION = YES;
				GCC_WARN_UNUSED_VARIABLE = YES;
				IPHONEOS_DEPLOYMENT_TARGET = 13.2;
				MTL_ENABLE_DEBUG_INFO = INCLUDE_SOURCE;
				MTL_FAST_MATH = YES;
				ONLY_ACTIVE_ARCH = YES;
				SDKROOT = iphoneos;
				SWIFT_ACTIVE_COMPILATION_CONDITIONS = DEBUG;
				SWIFT_OPTIMIZATION_LEVEL = "-Onone";
			};
			name = Debug;
		};
		AC48CAF0241BE2620030462B /* Release */ = {
			isa = XCBuildConfiguration;
			buildSettings = {
				ALWAYS_SEARCH_USER_PATHS = NO;
				CLANG_ANALYZER_NONNULL = YES;
				CLANG_ANALYZER_NUMBER_OBJECT_CONVERSION = YES_AGGRESSIVE;
				CLANG_CXX_LANGUAGE_STANDARD = "gnu++14";
				CLANG_CXX_LIBRARY = "libc++";
				CLANG_ENABLE_MODULES = YES;
				CLANG_ENABLE_OBJC_ARC = YES;
				CLANG_ENABLE_OBJC_WEAK = YES;
				CLANG_WARN_BLOCK_CAPTURE_AUTORELEASING = YES;
				CLANG_WARN_BOOL_CONVERSION = YES;
				CLANG_WARN_COMMA = YES;
				CLANG_WARN_CONSTANT_CONVERSION = YES;
				CLANG_WARN_DEPRECATED_OBJC_IMPLEMENTATIONS = YES;
				CLANG_WARN_DIRECT_OBJC_ISA_USAGE = YES_ERROR;
				CLANG_WARN_DOCUMENTATION_COMMENTS = YES;
				CLANG_WARN_EMPTY_BODY = YES;
				CLANG_WARN_ENUM_CONVERSION = YES;
				CLANG_WARN_INFINITE_RECURSION = YES;
				CLANG_WARN_INT_CONVERSION = YES;
				CLANG_WARN_NON_LITERAL_NULL_CONVERSION = YES;
				CLANG_WARN_OBJC_IMPLICIT_RETAIN_SELF = YES;
				CLANG_WARN_OBJC_LITERAL_CONVERSION = YES;
				CLANG_WARN_OBJC_ROOT_CLASS = YES_ERROR;
				CLANG_WARN_RANGE_LOOP_ANALYSIS = YES;
				CLANG_WARN_STRICT_PROTOTYPES = YES;
				CLANG_WARN_SUSPICIOUS_MOVE = YES;
				CLANG_WARN_UNGUARDED_AVAILABILITY = YES_AGGRESSIVE;
				CLANG_WARN_UNREACHABLE_CODE = YES;
				CLANG_WARN__DUPLICATE_METHOD_MATCH = YES;
				COPY_PHASE_STRIP = NO;
				DEBUG_INFORMATION_FORMAT = "dwarf-with-dsym";
				ENABLE_NS_ASSERTIONS = NO;
				ENABLE_STRICT_OBJC_MSGSEND = YES;
				GCC_C_LANGUAGE_STANDARD = gnu11;
				GCC_NO_COMMON_BLOCKS = YES;
				GCC_WARN_64_TO_32_BIT_CONVERSION = YES;
				GCC_WARN_ABOUT_RETURN_TYPE = YES_ERROR;
				GCC_WARN_UNDECLARED_SELECTOR = YES;
				GCC_WARN_UNINITIALIZED_AUTOS = YES_AGGRESSIVE;
				GCC_WARN_UNUSED_FUNCTION = YES;
				GCC_WARN_UNUSED_VARIABLE = YES;
				IPHONEOS_DEPLOYMENT_TARGET = 13.2;
				MTL_ENABLE_DEBUG_INFO = NO;
				MTL_FAST_MATH = YES;
				SDKROOT = iphoneos;
				SWIFT_COMPILATION_MODE = wholemodule;
				SWIFT_OPTIMIZATION_LEVEL = "-O";
				VALIDATE_PRODUCT = YES;
			};
			name = Release;
		};
		AC48CAF2241BE2620030462B /* Debug */ = {
			isa = XCBuildConfiguration;
			buildSettings = {
				ASSETCATALOG_COMPILER_APPICON_NAME = AppIcon;
				CODE_SIGN_STYLE = Automatic;
				INFOPLIST_FILE = "Flicks Search/Resources/Info.plist";
				LD_RUNPATH_SEARCH_PATHS = (
					"$(inherited)",
					"@executable_path/Frameworks",
				);
				PRODUCT_BUNDLE_IDENTIFIER = "com.poundsand.Flicks-Search";
				PRODUCT_NAME = "$(TARGET_NAME)";
				SWIFT_VERSION = 5.0;
				TARGETED_DEVICE_FAMILY = "1,2";
			};
			name = Debug;
		};
		AC48CAF3241BE2620030462B /* Release */ = {
			isa = XCBuildConfiguration;
			buildSettings = {
				ASSETCATALOG_COMPILER_APPICON_NAME = AppIcon;
				CODE_SIGN_STYLE = Automatic;
				INFOPLIST_FILE = "Flicks Search/Resources/Info.plist";
				LD_RUNPATH_SEARCH_PATHS = (
					"$(inherited)",
					"@executable_path/Frameworks",
				);
				PRODUCT_BUNDLE_IDENTIFIER = "com.poundsand.Flicks-Search";
				PRODUCT_NAME = "$(TARGET_NAME)";
				SWIFT_VERSION = 5.0;
				TARGETED_DEVICE_FAMILY = "1,2";
			};
			name = Release;
		};
/* End XCBuildConfiguration section */

/* Begin XCConfigurationList section */
		AC48CAD8241BE2600030462B /* Build configuration list for PBXProject "Flicks Search" */ = {
			isa = XCConfigurationList;
			buildConfigurations = (
				AC48CAEF241BE2620030462B /* Debug */,
				AC48CAF0241BE2620030462B /* Release */,
			);
			defaultConfigurationIsVisible = 0;
			defaultConfigurationName = Release;
		};
		AC48CAF1241BE2620030462B /* Build configuration list for PBXNativeTarget "Flicks Search" */ = {
			isa = XCConfigurationList;
			buildConfigurations = (
				AC48CAF2241BE2620030462B /* Debug */,
				AC48CAF3241BE2620030462B /* Release */,
			);
			defaultConfigurationIsVisible = 0;
			defaultConfigurationName = Release;
		};
/* End XCConfigurationList section */
	};
	rootObject = AC48CAD5241BE2600030462B /* Project object */;
}
